{
  "originHash" : "ffb1bd22e8f475a031405cc49ccf61c99031f0eac43e7509b1a27a60039502df",
  "pins" : [
    {
      "identity" : "posthog-ios",
      "kind" : "remoteSourceControl",
      "location" : "https://github.com/PostHog/posthog-ios.git",
      "state" : {
        "revision" : "e7ddccc6cedb44bde5b484070f6a99c817ee192f",
        "version" : "3.89.0"
      }
    }
  ],
  "version" : 3
}
